// !$*UTF8*$!
{
	archiveVersion = 1;
	classes = {
	};
	objectVersion = 55;
	objects = {

/* Begin PBXBuildFile section */
		BC355C44275767000013EF5E /* TestViewController.swift in Sources */ = {isa = PBXBuildFile; fileRef = BC355C43275767000013EF5E /* TestViewController.swift */; };
		BC99383B275743CC009186C4 /* AppDelegate.swift in Sources */ = {isa = PBXBuildFile; fileRef = BC99383A275743CC009186C4 /* AppDelegate.swift */; };
		BC99383D275743CC009186C4 /* SceneDelegate.swift in Sources */ = {isa = PBXBuildFile; fileRef = BC99383C275743CC009186C4 /* SceneDelegate.swift */; };
		BC99383F275743CC009186C4 /* ViewController.swift in Sources */ = {isa = PBXBuildFile; fileRef = BC99383E275743CC009186C4 /* ViewController.swift */; };
		BC993842275743CC009186C4 /* Main.storyboard in Resources */ = {isa = PBXBuildFile; fileRef = BC993840275743CC009186C4 /* Main.storyboard */; };
		BC993845275743CC009186C4 /* Sprep_2.xcdatamodeld in Sources */ = {isa = PBXBuildFile; fileRef = BC993843275743CC009186C4 /* Sprep_2.xcdatamodeld */; };
		BC993847275743CD009186C4 /* Assets.xcassets in Resources */ = {isa = PBXBuildFile; fileRef = BC993846275743CD009186C4 /* Assets.xcassets */; };
		BC99384A275743CD009186C4 /* LaunchScreen.storyboard in Resources */ = {isa = PBXBuildFile; fileRef = BC993848275743CD009186C4 /* LaunchScreen.storyboard */; };
		BC993852275744C8009186C4 /* DeckViewController.swift in Sources */ = {isa = PBXBuildFile; fileRef = BC993851275744C8009186C4 /* DeckViewController.swift */; };
		BC993854275744FC009186C4 /* CardViewController.swift in Sources */ = {isa = PBXBuildFile; fileRef = BC993853275744FC009186C4 /* CardViewController.swift */; };
		BC99385C27574A2A009186C4 /* Deck.swift in Sources */ = {isa = PBXBuildFile; fileRef = BC99385B27574A2A009186C4 /* Deck.swift */; };
		BC99385E27574A3C009186C4 /* Card.swift in Sources */ = {isa = PBXBuildFile; fileRef = BC99385D27574A3C009186C4 /* Card.swift */; };
		BC99386027574AA3009186C4 /* DeckManager.swift in Sources */ = {isa = PBXBuildFile; fileRef = BC99385F27574AA3009186C4 /* DeckManager.swift */; };
		BC99386227574AB2009186C4 /* DeckCommand.swift in Sources */ = {isa = PBXBuildFile; fileRef = BC99386127574AB2009186C4 /* DeckCommand.swift */; };
		BC99386427574AC1009186C4 /* Difficulty.swift in Sources */ = {isa = PBXBuildFile; fileRef = BC99386327574AC1009186C4 /* Difficulty.swift */; };
		BC99386627574AD4009186C4 /* CardCommand.swift in Sources */ = {isa = PBXBuildFile; fileRef = BC99386527574AD4009186C4 /* CardCommand.swift */; };
		BC99386827574ADA009186C4 /* Box.swift in Sources */ = {isa = PBXBuildFile; fileRef = BC99386727574ADA009186C4 /* Box.swift */; };
		BC99386A27574AE3009186C4 /* Tester.swift in Sources */ = {isa = PBXBuildFile; fileRef = BC99386927574AE3009186C4 /* Tester.swift */; };
		BC99386E27574B1D009186C4 /* DummyData.swift in Sources */ = {isa = PBXBuildFile; fileRef = BC99386D27574B1D009186C4 /* DummyData.swift */; };
/* End PBXBuildFile section */

/* Begin PBXFileReference section */
		BC355C43275767000013EF5E /* TestViewController.swift */ = {isa = PBXFileReference; lastKnownFileType = sourcecode.swift; path = TestViewController.swift; sourceTree = "<group>"; };
		BC993837275743CC009186C4 /* Sprep_2.app */ = {isa = PBXFileReference; explicitFileType = wrapper.application; includeInIndex = 0; path = Sprep_2.app; sourceTree = BUILT_PRODUCTS_DIR; };
		BC99383A275743CC009186C4 /* AppDelegate.swift */ = {isa = PBXFileReference; lastKnownFileType = sourcecode.swift; path = AppDelegate.swift; sourceTree = "<group>"; };
		BC99383C275743CC009186C4 /* SceneDelegate.swift */ = {isa = PBXFileReference; lastKnownFileType = sourcecode.swift; path = SceneDelegate.swift; sourceTree = "<group>"; };
		BC99383E275743CC009186C4 /* ViewController.swift */ = {isa = PBXFileReference; lastKnownFileType = sourcecode.swift; path = ViewController.swift; sourceTree = "<group>"; };
		BC993841275743CC009186C4 /* Base */ = {isa = PBXFileReference; lastKnownFileType = file.storyboard; name = Base; path = Base.lproj/Main.storyboard; sourceTree = "<group>"; };
		BC993844275743CC009186C4 /* Sprep_2.xcdatamodel */ = {isa = PBXFileReference; lastKnownFileType = wrapper.xcdatamodel; path = Sprep_2.xcdatamodel; sourceTree = "<group>"; };
		BC993846275743CD009186C4 /* Assets.xcassets */ = {isa = PBXFileReference; lastKnownFileType = folder.assetcatalog; path = Assets.xcassets; sourceTree = "<group>"; };
		BC993849275743CD009186C4 /* Base */ = {isa = PBXFileReference; lastKnownFileType = file.storyboard; name = Base; path = Base.lproj/LaunchScreen.storyboard; sourceTree = "<group>"; };
		BC99384B275743CD009186C4 /* Info.plist */ = {isa = PBXFileReference; lastKnownFileType = text.plist.xml; path = Info.plist; sourceTree = "<group>"; };
		BC993851275744C8009186C4 /* DeckViewController.swift */ = {isa = PBXFileReference; lastKnownFileType = sourcecode.swift; path = DeckViewController.swift; sourceTree = "<group>"; };
		BC993853275744FC009186C4 /* CardViewController.swift */ = {isa = PBXFileReference; lastKnownFileType = sourcecode.swift; path = CardViewController.swift; sourceTree = "<group>"; };
		BC99385B27574A2A009186C4 /* Deck.swift */ = {isa = PBXFileReference; lastKnownFileType = sourcecode.swift; path = Deck.swift; sourceTree = "<group>"; };
		BC99385D27574A3C009186C4 /* Card.swift */ = {isa = PBXFileReference; lastKnownFileType = sourcecode.swift; path = Card.swift; sourceTree = "<group>"; };
		BC99385F27574AA3009186C4 /* DeckManager.swift */ = {isa = PBXFileReference; lastKnownFileType = sourcecode.swift; path = DeckManager.swift; sourceTree = "<group>"; };
		BC99386127574AB2009186C4 /* DeckCommand.swift */ = {isa = PBXFileReference; lastKnownFileType = sourcecode.swift; path = DeckCommand.swift; sourceTree = "<group>"; };
		BC99386327574AC1009186C4 /* Difficulty.swift */ = {isa = PBXFileReference; lastKnownFileType = sourcecode.swift; path = Difficulty.swift; sourceTree = "<group>"; };
		BC99386527574AD4009186C4 /* CardCommand.swift */ = {isa = PBXFileReference; lastKnownFileType = sourcecode.swift; path = CardCommand.swift; sourceTree = "<group>"; };
		BC99386727574ADA009186C4 /* Box.swift */ = {isa = PBXFileReference; lastKnownFileType = sourcecode.swift; path = Box.swift; sourceTree = "<group>"; };
		BC99386927574AE3009186C4 /* Tester.swift */ = {isa = PBXFileReference; lastKnownFileType = sourcecode.swift; path = Tester.swift; sourceTree = "<group>"; };
		BC99386D27574B1D009186C4 /* DummyData.swift */ = {isa = PBXFileReference; lastKnownFileType = sourcecode.swift; path = DummyData.swift; sourceTree = "<group>"; };
/* End PBXFileReference section */

/* Begin PBXFrameworksBuildPhase section */
		BC993834275743CC009186C4 /* Frameworks */ = {
			isa = PBXFrameworksBuildPhase;
			buildActionMask = 2147483647;
			files = (
			);
			runOnlyForDeploymentPostprocessing = 0;
		};
/* End PBXFrameworksBuildPhase section */

/* Begin PBXGroup section */
		BC99382E275743CC009186C4 = {
			isa = PBXGroup;
			children = (
				BC993839275743CC009186C4 /* Sprep_2 */,
				BC993838275743CC009186C4 /* Products */,
			);
			sourceTree = "<group>";
		};
		BC993838275743CC009186C4 /* Products */ = {
			isa = PBXGroup;
			children = (
				BC993837275743CC009186C4 /* Sprep_2.app */,
			);
			name = Products;
			sourceTree = "<group>";
		};
		BC993839275743CC009186C4 /* Sprep_2 */ = {
			isa = PBXGroup;
			children = (
				BC99383A275743CC009186C4 /* AppDelegate.swift */,
				BC99383C275743CC009186C4 /* SceneDelegate.swift */,
				BC99385A2757493C009186C4 /* Controllers */,
				BC99385927574919009186C4 /* Supports */,
				BC9938572757472A009186C4 /* Models */,
				BC99385827574905009186C4 /* Views */,
			);
			path = Sprep_2;
			sourceTree = "<group>";
		};
		BC9938572757472A009186C4 /* Models */ = {
			isa = PBXGroup;
			children = (
				BC993843275743CC009186C4 /* Sprep_2.xcdatamodeld */,
				BC99385F27574AA3009186C4 /* DeckManager.swift */,
				BC99386D27574B1D009186C4 /* DummyData.swift */,
				BC99386127574AB2009186C4 /* DeckCommand.swift */,
				BC99385B27574A2A009186C4 /* Deck.swift */,
				BC99386527574AD4009186C4 /* CardCommand.swift */,
				BC99385D27574A3C009186C4 /* Card.swift */,
				BC99386727574ADA009186C4 /* Box.swift */,
				BC99386327574AC1009186C4 /* Difficulty.swift */,
				BC99386927574AE3009186C4 /* Tester.swift */,
			);
			path = Models;
			sourceTree = "<group>";
		};
		BC99385827574905009186C4 /* Views */ = {
			isa = PBXGroup;
			children = (
				BC993840275743CC009186C4 /* Main.storyboard */,
				BC993848275743CD009186C4 /* LaunchScreen.storyboard */,
			);
			path = Views;
			sourceTree = "<group>";
		};
		BC99385927574919009186C4 /* Supports */ = {
			isa = PBXGroup;
			children = (
				BC99384B275743CD009186C4 /* Info.plist */,
				BC993846275743CD009186C4 /* Assets.xcassets */,
			);
			path = Supports;
			sourceTree = "<group>";
		};
		BC99385A2757493C009186C4 /* Controllers */ = {
			isa = PBXGroup;
			children = (
				BC99383E275743CC009186C4 /* ViewController.swift */,
				BC993851275744C8009186C4 /* DeckViewController.swift */,
				BC355C43275767000013EF5E /* TestViewController.swift */,
				BC993853275744FC009186C4 /* CardViewController.swift */,
			);
			path = Controllers;
			sourceTree = "<group>";
		};
/* End PBXGroup section */

/* Begin PBXNativeTarget section */
		BC993836275743CC009186C4 /* Sprep_2 */ = {
			isa = PBXNativeTarget;
			buildConfigurationList = BC99384E275743CD009186C4 /* Build configuration list for PBXNativeTarget "Sprep_2" */;
			buildPhases = (
				BC993833275743CC009186C4 /* Sources */,
				BC993834275743CC009186C4 /* Frameworks */,
				BC993835275743CC009186C4 /* Resources */,
			);
			buildRules = (
			);
			dependencies = (
			);
			name = Sprep_2;
			productName = Sprep_2;
			productReference = BC993837275743CC009186C4 /* Sprep_2.app */;
			productType = "com.apple.product-type.application";
		};
/* End PBXNativeTarget section */

/* Begin PBXProject section */
		BC99382F275743CC009186C4 /* Project object */ = {
			isa = PBXProject;
			attributes = {
				BuildIndependentTargetsInParallel = 1;
				LastSwiftUpdateCheck = 1310;
				LastUpgradeCheck = 1310;
				TargetAttributes = {
					BC993836275743CC009186C4 = {
						CreatedOnToolsVersion = 13.1;
					};
				};
			};
			buildConfigurationList = BC993832275743CC009186C4 /* Build configuration list for PBXProject "Sprep_2" */;
			compatibilityVersion = "Xcode 13.0";
			developmentRegion = en;
			hasScannedForEncodings = 0;
			knownRegions = (
				en,
				Base,
			);
			mainGroup = BC99382E275743CC009186C4;
			productRefGroup = BC993838275743CC009186C4 /* Products */;
			projectDirPath = "";
			projectRoot = "";
			targets = (
				BC993836275743CC009186C4 /* Sprep_2 */,
			);
		};
/* End PBXProject section */

/* Begin PBXResourcesBuildPhase section */
		BC993835275743CC009186C4 /* Resources */ = {
			isa = PBXResourcesBuildPhase;
			buildActionMask = 2147483647;
			files = (
				BC99384A275743CD009186C4 /* LaunchScreen.storyboard in Resources */,
				BC993847275743CD009186C4 /* Assets.xcassets in Resources */,
				BC993842275743CC009186C4 /* Main.storyboard in Resources */,
			);
			runOnlyForDeploymentPostprocessing = 0;
		};
/* End PBXResourcesBuildPhase section */

/* Begin PBXSourcesBuildPhase section */
		BC993833275743CC009186C4 /* Sources */ = {
			isa = PBXSourcesBuildPhase;
			buildActionMask = 2147483647;
			files = (
				BC99386227574AB2009186C4 /* DeckCommand.swift in Sources */,
				BC99386827574ADA009186C4 /* Box.swift in Sources */,
				BC355C44275767000013EF5E /* TestViewController.swift in Sources */,
				BC99386427574AC1009186C4 /* Difficulty.swift in Sources */,
				BC99385E27574A3C009186C4 /* Card.swift in Sources */,
				BC99386027574AA3009186C4 /* DeckManager.swift in Sources */,
				BC99386A27574AE3009186C4 /* Tester.swift in Sources */,
				BC99383F275743CC009186C4 /* ViewController.swift in Sources */,
				BC99383B275743CC009186C4 /* AppDelegate.swift in Sources */,
				BC993854275744FC009186C4 /* CardViewController.swift in Sources */,
				BC99385C27574A2A009186C4 /* Deck.swift in Sources */,
				BC993852275744C8009186C4 /* DeckViewController.swift in Sources */,
				BC99383D275743CC009186C4 /* SceneDelegate.swift in Sources */,
				BC993845275743CC009186C4 /* Sprep_2.xcdatamodeld in Sources */,
				BC99386627574AD4009186C4 /* CardCommand.swift in Sources */,
				BC99386E27574B1D009186C4 /* DummyData.swift in Sources */,
			);
			runOnlyForDeploymentPostprocessing = 0;
		};
/* End PBXSourcesBuildPhase section */

/* Begin PBXVariantGroup section */
		BC993840275743CC009186C4 /* Main.storyboard */ = {
			isa = PBXVariantGroup;
			children = (
				BC993841275743CC009186C4 /* Base */,
			);
			name = Main.storyboard;
			sourceTree = "<group>";
		};
		BC993848275743CD009186C4 /* LaunchScreen.storyboard */ = {
			isa = PBXVariantGroup;
			children = (
				BC993849275743CD009186C4 /* Base */,
			);
			name = LaunchScreen.storyboard;
			sourceTree = "<group>";
		};
/* End PBXVariantGroup section */

/* Begin XCBuildConfiguration section */
		BC99384C275743CD009186C4 /* Debug */ = {
			isa = XCBuildConfiguration;
			buildSettings = {
				ALWAYS_SEARCH_USER_PATHS = NO;
				CLANG_ANALYZER_NONNULL = YES;
				CLANG_ANALYZER_NUMBER_OBJECT_CONVERSION = YES_AGGRESSIVE;
				CLANG_CXX_LANGUAGE_STANDARD = "gnu++17";
				CLANG_CXX_LIBRARY = "libc++";
				CLANG_ENABLE_MODULES = YES;
				CLANG_ENABLE_OBJC_ARC = YES;
				CLANG_ENABLE_OBJC_WEAK = YES;
				CLANG_WARN_BLOCK_CAPTURE_AUTORELEASING = YES;
				CLANG_WARN_BOOL_CONVERSION = YES;
				CLANG_WARN_COMMA = YES;
				CLANG_WARN_CONSTANT_CONVERSION = YES;
				CLANG_WARN_DEPRECATED_OBJC_IMPLEMENTATIONS = YES;
				CLANG_WARN_DIRECT_OBJC_ISA_USAGE = YES_ERROR;
				CLANG_WARN_DOCUMENTATION_COMMENTS = YES;
				CLANG_WARN_EMPTY_BODY = YES;
				CLANG_WARN_ENUM_CONVERSION = YES;
				CLANG_WARN_INFINITE_RECURSION = YES;
				CLANG_WARN_INT_CONVERSION = YES;
				CLANG_WARN_NON_LITERAL_NULL_CONVERSION = YES;
				CLANG_WARN_OBJC_IMPLICIT_RETAIN_SELF = YES;
				CLANG_WARN_OBJC_LITERAL_CONVERSION = YES;
				CLANG_WARN_OBJC_ROOT_CLASS = YES_ERROR;
				CLANG_WARN_QUOTED_INCLUDE_IN_FRAMEWORK_HEADER = YES;
				CLANG_WARN_RANGE_LOOP_ANALYSIS = YES;
				CLANG_WARN_STRICT_PROTOTYPES = YES;
				CLANG_WARN_SUSPICIOUS_MOVE = YES;
				CLANG_WARN_UNGUARDED_AVAILABILITY = YES_AGGRESSIVE;
				CLANG_WARN_UNREACHABLE_CODE = YES;
				CLANG_WARN__DUPLICATE_METHOD_MATCH = YES;
				COPY_PHASE_STRIP = NO;
				DEBUG_INFORMATION_FORMAT = dwarf;
				ENABLE_STRICT_OBJC_MSGSEND = YES;
				ENABLE_TESTABILITY = YES;
				GCC_C_LANGUAGE_STANDARD = gnu11;
				GCC_DYNAMIC_NO_PIC = NO;
				GCC_NO_COMMON_BLOCKS = YES;
				GCC_OPTIMIZATION_LEVEL = 0;
				GCC_PREPROCESSOR_DEFINITIONS = (
					"DEBUG=1",
					"$(inherited)",
				);
				GCC_WARN_64_TO_32_BIT_CONVERSION = YES;
				GCC_WARN_ABOUT_RETURN_TYPE = YES_ERROR;
				GCC_WARN_UNDECLARED_SELECTOR = YES;
				GCC_WARN_UNINITIALIZED_AUTOS = YES_AGGRESSIVE;
				GCC_WARN_UNUSED_FUNCTION = YES;
				GCC_WARN_UNUSED_VARIABLE = YES;
				IPHONEOS_DEPLOYMENT_TARGET = 15.0;
				MTL_ENABLE_DEBUG_INFO = INCLUDE_SOURCE;
				MTL_FAST_MATH = YES;
				ONLY_ACTIVE_ARCH = YES;
				SDKROOT = iphoneos;
				SWIFT_ACTIVE_COMPILATION_CONDITIONS = DEBUG;
				SWIFT_OPTIMIZATION_LEVEL = "-Onone";
			};
			name = Debug;
		};
		BC99384D275743CD009186C4 /* Release */ = {
			isa = XCBuildConfiguration;
			buildSettings = {
				ALWAYS_SEARCH_USER_PATHS = NO;
				CLANG_ANALYZER_NONNULL = YES;
				CLANG_ANALYZER_NUMBER_OBJECT_CONVERSION = YES_AGGRESSIVE;
				CLANG_CXX_LANGUAGE_STANDARD = "gnu++17";
				CLANG_CXX_LIBRARY = "libc++";
				CLANG_ENABLE_MODULES = YES;
				CLANG_ENABLE_OBJC_ARC = YES;
				CLANG_ENABLE_OBJC_WEAK = YES;
				CLANG_WARN_BLOCK_CAPTURE_AUTORELEASING = YES;
				CLANG_WARN_BOOL_CONVERSION = YES;
				CLANG_WARN_COMMA = YES;
				CLANG_WARN_CONSTANT_CONVERSION = YES;
				CLANG_WARN_DEPRECATED_OBJC_IMPLEMENTATIONS = YES;
				CLANG_WARN_DIRECT_OBJC_ISA_USAGE = YES_ERROR;
				CLANG_WARN_DOCUMENTATION_COMMENTS = YES;
				CLANG_WARN_EMPTY_BODY = YES;
				CLANG_WARN_ENUM_CONVERSION = YES;
				CLANG_WARN_INFINITE_RECURSION = YES;
				CLANG_WARN_INT_CONVERSION = YES;
				CLANG_WARN_NON_LITERAL_NULL_CONVERSION = YES;
				CLANG_WARN_OBJC_IMPLICIT_RETAIN_SELF = YES;
				CLANG_WARN_OBJC_LITERAL_CONVERSION = YES;
				CLANG_WARN_OBJC_ROOT_CLASS = YES_ERROR;
				CLANG_WARN_QUOTED_INCLUDE_IN_FRAMEWORK_HEADER = YES;
				CLANG_WARN_RANGE_LOOP_ANALYSIS = YES;
				CLANG_WARN_STRICT_PROTOTYPES = YES;
				CLANG_WARN_SUSPICIOUS_MOVE = YES;
				CLANG_WARN_UNGUARDED_AVAILABILITY = YES_AGGRESSIVE;
				CLANG_WARN_UNREACHABLE_CODE = YES;
				CLANG_WARN__DUPLICATE_METHOD_MATCH = YES;
				COPY_PHASE_STRIP = NO;
				DEBUG_INFORMATION_FORMAT = "dwarf-with-dsym";
				ENABLE_NS_ASSERTIONS = NO;
				ENABLE_STRICT_OBJC_MSGSEND = YES;
				GCC_C_LANGUAGE_STANDARD = gnu11;
				GCC_NO_COMMON_BLOCKS = YES;
				GCC_WARN_64_TO_32_BIT_CONVERSION = YES;
				GCC_WARN_ABOUT_RETURN_TYPE = YES_ERROR;
				GCC_WARN_UNDECLARED_SELECTOR = YES;
				GCC_WARN_UNINITIALIZED_AUTOS = YES_AGGRESSIVE;
				GCC_WARN_UNUSED_FUNCTION = YES;
				GCC_WARN_UNUSED_VARIABLE = YES;
				IPHONEOS_DEPLOYMENT_TARGET = 15.0;
				MTL_ENABLE_DEBUG_INFO = NO;
				MTL_FAST_MATH = YES;
				SDKROOT = iphoneos;
				SWIFT_COMPILATION_MODE = wholemodule;
				SWIFT_OPTIMIZATION_LEVEL = "-O";
				VALIDATE_PRODUCT = YES;
			};
			name = Release;
		};
		BC99384F275743CD009186C4 /* Debug */ = {
			isa = XCBuildConfiguration;
			buildSettings = {
				ASSETCATALOG_COMPILER_APPICON_NAME = AppIcon;
				ASSETCATALOG_COMPILER_GLOBAL_ACCENT_COLOR_NAME = AccentColor;
				CODE_SIGN_STYLE = Automatic;
				CURRENT_PROJECT_VERSION = 1;
				DEVELOPMENT_TEAM = A6HM92H898;
				GENERATE_INFOPLIST_FILE = YES;
				INFOPLIST_FILE = Sprep_2/Supports/Info.plist;
				INFOPLIST_KEY_UIApplicationSupportsIndirectInputEvents = YES;
				INFOPLIST_KEY_UILaunchStoryboardName = LaunchScreen;
				INFOPLIST_KEY_UIMainStoryboardFile = Main;
				INFOPLIST_KEY_UISupportedInterfaceOrientations_iPad = "UIInterfaceOrientationPortrait UIInterfaceOrientationPortraitUpsideDown UIInterfaceOrientationLandscapeLeft UIInterfaceOrientationLandscapeRight";
				INFOPLIST_KEY_UISupportedInterfaceOrientations_iPhone = "UIInterfaceOrientationPortrait UIInterfaceOrientationLandscapeLeft UIInterfaceOrientationLandscapeRight";
				LD_RUNPATH_SEARCH_PATHS = (
					"$(inherited)",
					"@executable_path/Frameworks",
				);
				MARKETING_VERSION = 1.0;
				PRODUCT_BUNDLE_IDENTIFIER = "com.eddysong.Sprep-2";
				PRODUCT_NAME = "$(TARGET_NAME)";
				SWIFT_EMIT_LOC_STRINGS = YES;
				SWIFT_VERSION = 5.0;
				TARGETED_DEVICE_FAMILY = "1,2";
			};
			name = Debug;
		};
		BC993850275743CD009186C4 /* Release */ = {
			isa = XCBuildConfiguration;
			buildSettings = {
				ASSETCATALOG_COMPILER_APPICON_NAME = AppIcon;
				ASSETCATALOG_COMPILER_GLOBAL_ACCENT_COLOR_NAME = AccentColor;
				CODE_SIGN_STYLE = Automatic;
				CURRENT_PROJECT_VERSION = 1;
				DEVELOPMENT_TEAM = A6HM92H898;
				GENERATE_INFOPLIST_FILE = YES;
				INFOPLIST_FILE = Sprep_2/Supports/Info.plist;
				INFOPLIST_KEY_UIApplicationSupportsIndirectInputEvents = YES;
				INFOPLIST_KEY_UILaunchStoryboardName = LaunchScreen;
				INFOPLIST_KEY_UIMainStoryboardFile = Main;
				INFOPLIST_KEY_UISupportedInterfaceOrientations_iPad = "UIInterfaceOrientationPortrait UIInterfaceOrientationPortraitUpsideDown UIInterfaceOrientationLandscapeLeft UIInterfaceOrientationLandscapeRight";
				INFOPLIST_KEY_UISupportedInterfaceOrientations_iPhone = "UIInterfaceOrientationPortrait UIInterfaceOrientationLandscapeLeft UIInterfaceOrientationLandscapeRight";
				LD_RUNPATH_SEARCH_PATHS = (
					"$(inherited)",
					"@executable_path/Frameworks",
				);
				MARKETING_VERSION = 1.0;
				PRODUCT_BUNDLE_IDENTIFIER = "com.eddysong.Sprep-2";
				PRODUCT_NAME = "$(TARGET_NAME)";
				SWIFT_EMIT_LOC_STRINGS = YES;
				SWIFT_VERSION = 5.0;
				TARGETED_DEVICE_FAMILY = "1,2";
			};
			name = Release;
		};
/* End XCBuildConfiguration section */

/* Begin XCConfigurationList section */
		BC993832275743CC009186C4 /* Build configuration list for PBXProject "Sprep_2" */ = {
			isa = XCConfigurationList;
			buildConfigurations = (
				BC99384C275743CD009186C4 /* Debug */,
				BC99384D275743CD009186C4 /* Release */,
			);
			defaultConfigurationIsVisible = 0;
			defaultConfigurationName = Release;
		};
		BC99384E275743CD009186C4 /* Build configuration list for PBXNativeTarget "Sprep_2" */ = {
			isa = XCConfigurationList;
			buildConfigurations = (
				BC99384F275743CD009186C4 /* Debug */,
				BC993850275743CD009186C4 /* Release */,
			);
			defaultConfigurationIsVisible = 0;
			defaultConfigurationName = Release;
		};
/* End XCConfigurationList section */

/* Begin XCVersionGroup section */
		BC993843275743CC009186C4 /* Sprep_2.xcdatamodeld */ = {
			isa = XCVersionGroup;
			children = (
				BC993844275743CC009186C4 /* Sprep_2.xcdatamodel */,
			);
			currentVersion = BC993844275743CC009186C4 /* Sprep_2.xcdatamodel */;
			path = Sprep_2.xcdatamodeld;
			sourceTree = "<group>";
			versionGroupType = wrapper.xcdatamodel;
		};
/* End XCVersionGroup section */
	};
	rootObject = BC99382F275743CC009186C4 /* Project object */;
}
